{
  "pins" : [
    {
      "identity" : "lottie-ios",
      "kind" : "remoteSourceControl",
      "location" : "https://github.com/airbnb/lottie-ios.git",
      "state" : {
        "branch" : "master",
        "revision" : "695235179a36cca8e6c24dce0de5a594ff02656c"
      }
    }
  ],
  "version" : 2
}
